
Microsoft Visual Studio Solution File, Format Version 12.00
# Visual Studio 15
VisualStudioVersion = 15.0.27130.2003
MinimumVisualStudioVersion = 10.0.40219.1
Project("{FAE04EC0-301F-11D3-BF4B-00C04F79EFBC}") = "MyFirstWebApp", "MyFirstWebApp\MyFirstWebApp.csproj", "{77706B04-E652-46F1-ABE7-00FDB974889B}"
EndProject
Global
	GlobalSection(SolutionConfigurationPlatforms) = preSolution
		Debug|Any CPU = Debug|Any CPU
		Release|Any CPU = Release|Any CPU
	EndGlobalSection
	GlobalSection(ProjectConfigurationPlatforms) = postSolution
		{77706B04-E652-46F1-ABE7-00FDB974889B}.Debug|Any CPU.ActiveCfg = Debug|Any CPU
		{77706B04-E652-46F1-ABE7-00FDB974889B}.Debug|Any CPU.Build.0 = Debug|Any CPU
		{77706B04-E652-46F1-ABE7-00FDB974889B}.Release|Any CPU.ActiveCfg = Release|Any CPU
		{77706B04-E652-46F1-ABE7-00FDB974889B}.Release|Any CPU.Build.0 = Release|Any CPU
	EndGlobalSection
	GlobalSection(SolutionProperties) = preSolution
		HideSolutionNode = FALSE
	EndGlobalSection
	GlobalSection(ExtensibilityGlobals) = postSolution
		SolutionGuid = {6DD93622-1506-4946-8E98-D9357741F7EB}
	EndGlobalSection
EndGlobal
